
Microsoft Visual Studio Solution File, Format Version 12.00
# Visual Studio Version 16
VisualStudioVersion = 16.0.29324.140
MinimumVisualStudioVersion = 10.0.40219.1
Project("{FAE04EC0-301F-11D3-BF4B-00C04F79EFBC}") = "ScalePosition_Sample.UWP", "ScalePosition_Sample\ScalePosition_Sample.UWP\ScalePosition_Sample.UWP.csproj", "{0029883B-6668-4E5B-936B-5DDB68F43C05}"
EndProject
Project("{FAE04EC0-301F-11D3-BF4B-00C04F79EFBC}") = "ScalePosition_Sample.Android", "ScalePosition_Sample\ScalePosition_Sample.Android\ScalePosition_Sample.Android.csproj", "{43520ADE-3117-418A-96EB-6B8FBCD6B951}"
EndProject
Project("{FAE04EC0-301F-11D3-BF4B-00C04F79EFBC}") = "ScalePosition_Sample.iOS", "ScalePosition_Sample\ScalePosition_Sample.iOS\ScalePosition_Sample.iOS.csproj", "{35942DC6-27D2-479F-9403-FD59D1DA8103}"
EndProject
Project("{9A19103F-16F7-4668-BE54-9A1E7A4F7556}") = "ScalePosition_Sample", "ScalePosition_Sample\ScalePosition_Sample\ScalePosition_Sample.csproj", "{E5C2E845-A81A-4C7D-AE5B-F88EDB98126F}"
EndProject
Global
	GlobalSection(SolutionConfigurationPlatforms) = preSolution
		Debug|Any CPU = Debug|Any CPU
		Debug|ARM = Debug|ARM
		Debug|iPhone = Debug|iPhone
		Debug|iPhoneSimulator = Debug|iPhoneSimulator
		Debug|x64 = Debug|x64
		Debug|x86 = Debug|x86
		Release|Any CPU = Release|Any CPU
		Release|ARM = Release|ARM
		Release|iPhone = Release|iPhone
		Release|iPhoneSimulator = Release|iPhoneSimulator
		Release|x64 = Release|x64
		Release|x86 = Release|x86
	EndGlobalSection
	GlobalSection(ProjectConfigurationPlatforms) = postSolution
		{0029883B-6668-4E5B-936B-5DDB68F43C05}.Debug|Any CPU.ActiveCfg = Debug|x86
		{0029883B-6668-4E5B-936B-5DDB68F43C05}.Debug|Any CPU.Build.0 = Debug|x86
		{0029883B-6668-4E5B-936B-5DDB68F43C05}.Debug|Any CPU.Deploy.0 = Debug|x86
		{0029883B-6668-4E5B-936B-5DDB68F43C05}.Debug|ARM.ActiveCfg = Debug|ARM
		{0029883B-6668-4E5B-936B-5DDB68F43C05}.Debug|ARM.Build.0 = Debug|ARM
		{0029883B-6668-4E5B-936B-5DDB68F43C05}.Debug|ARM.Deploy.0 = Debug|ARM
		{0029883B-6668-4E5B-936B-5DDB68F43C05}.Debug|iPhone.ActiveCfg = Debug|x86
		{0029883B-6668-4E5B-936B-5DDB68F43C05}.Debug|iPhone.Build.0 = Debug|x86
		{0029883B-6668-4E5B-936B-5DDB68F43C05}.Debug|iPhone.Deploy.0 = Debug|x86
		{0029883B-6668-4E5B-936B-5DDB68F43C05}.Debug|iPhoneSimulator.ActiveCfg = Debug|x86
		{0029883B-6668-4E5B-936B-5DDB68F43C05}.Debug|iPhoneSimulator.Build.0 = Debug|x86
		{0029883B-6668-4E5B-936B-5DDB68F43C05}.Debug|iPhoneSimulator.Deploy.0 = Debug|x86
		{0029883B-6668-4E5B-936B-5DDB68F43C05}.Debug|x64.ActiveCfg = Debug|x64
		{0029883B-6668-4E5B-936B-5DDB68F43C05}.Debug|x64.Build.0 = Debug|x64
		{0029883B-6668-4E5B-936B-5DDB68F43C05}.Debug|x64.Deploy.0 = Debug|x64
		{0029883B-6668-4E5B-936B-5DDB68F43C05}.Debug|x86.ActiveCfg = Debug|x86
		{0029883B-6668-4E5B-936B-5DDB68F43C05}.Debug|x86.Build.0 = Debug|x86
		{0029883B-6668-4E5B-936B-5DDB68F43C05}.Debug|x86.Deploy.0 = Debug|x86
		{0029883B-6668-4E5B-936B-5DDB68F43C05}.Release|Any CPU.ActiveCfg = Release|x86
		{0029883B-6668-4E5B-936B-5DDB68F43C05}.Release|Any CPU.Build.0 = Release|x86
		{0029883B-6668-4E5B-936B-5DDB68F43C05}.Release|Any CPU.Deploy.0 = Release|x86
		{0029883B-6668-4E5B-936B-5DDB68F43C05}.Release|ARM.ActiveCfg = Release|ARM
		{0029883B-6668-4E5B-936B-5DDB68F43C05}.Release|ARM.Build.0 = Release|ARM
		{0029883B-6668-4E5B-936B-5DDB68F43C05}.Release|ARM.Deploy.0 = Release|ARM
		{0029883B-6668-4E5B-936B-5DDB68F43C05}.Release|iPhone.ActiveCfg = Release|x86
		{0029883B-6668-4E5B-936B-5DDB68F43C05}.Release|iPhone.Build.0 = Release|x86
		{0029883B-6668-4E5B-936B-5DDB68F43C05}.Release|iPhone.Deploy.0 = Release|x86
		{0029883B-6668-4E5B-936B-5DDB68F43C05}.Release|iPhoneSimulator.ActiveCfg = Release|x86
		{0029883B-6668-4E5B-936B-5DDB68F43C05}.Release|iPhoneSimulator.Build.0 = Release|x86
		{0029883B-6668-4E5B-936B-5DDB68F43C05}.Release|iPhoneSimulator.Deploy.0 = Release|x86
		{0029883B-6668-4E5B-936B-5DDB68F43C05}.Release|x64.ActiveCfg = Release|x64
		{0029883B-6668-4E5B-936B-5DDB68F43C05}.Release|x64.Build.0 = Release|x64
		{0029883B-6668-4E5B-936B-5DDB68F43C05}.Release|x64.Deploy.0 = Release|x64
		{0029883B-6668-4E5B-936B-5DDB68F43C05}.Release|x86.ActiveCfg = Release|x86
		{0029883B-6668-4E5B-936B-5DDB68F43C05}.Release|x86.Build.0 = Release|x86
		{0029883B-6668-4E5B-936B-5DDB68F43C05}.Release|x86.Deploy.0 = Release|x86
		{43520ADE-3117-418A-96EB-6B8FBCD6B951}.Debug|Any CPU.ActiveCfg = Debug|Any CPU
		{43520ADE-3117-418A-96EB-6B8FBCD6B951}.Debug|Any CPU.Build.0 = Debug|Any CPU
		{43520ADE-3117-418A-96EB-6B8FBCD6B951}.Debug|Any CPU.Deploy.0 = Debug|Any CPU
		{43520ADE-3117-418A-96EB-6B8FBCD6B951}.Debug|ARM.ActiveCfg = Debug|Any CPU
		{43520ADE-3117-418A-96EB-6B8FBCD6B951}.Debug|ARM.Build.0 = Debug|Any CPU
		{43520ADE-3117-418A-96EB-6B8FBCD6B951}.Debug|ARM.Deploy.0 = Debug|Any CPU
		{43520ADE-3117-418A-96EB-6B8FBCD6B951}.Debug|iPhone.ActiveCfg = Debug|Any CPU
		{43520ADE-3117-418A-96EB-6B8FBCD6B951}.Debug|iPhone.Build.0 = Debug|Any CPU
		{43520ADE-3117-418A-96EB-6B8FBCD6B951}.Debug|iPhone.Deploy.0 = Debug|Any CPU
		{43520ADE-3117-418A-96EB-6B8FBCD6B951}.Debug|iPhoneSimulator.ActiveCfg = Debug|Any CPU
		{43520ADE-3117-418A-96EB-6B8FBCD6B951}.Debug|iPhoneSimulator.Build.0 = Debug|Any CPU
		{43520ADE-3117-418A-96EB-6B8FBCD6B951}.Debug|iPhoneSimulator.Deploy.0 = Debug|Any CPU
		{43520ADE-3117-418A-96EB-6B8FBCD6B951}.Debug|x64.ActiveCfg = Debug|Any CPU
		{43520ADE-3117-418A-96EB-6B8FBCD6B951}.Debug|x64.Build.0 = Debug|Any CPU
		{43520ADE-3117-418A-96EB-6B8FBCD6B951}.Debug|x64.Deploy.0 = Debug|Any CPU
		{43520ADE-3117-418A-96EB-6B8FBCD6B951}.Debug|x86.ActiveCfg = Debug|Any CPU
		{43520ADE-3117-418A-96EB-6B8FBCD6B951}.Debug|x86.Build.0 = Debug|Any CPU
		{43520ADE-3117-418A-96EB-6B8FBCD6B951}.Debug|x86.Deploy.0 = Debug|Any CPU
		{43520ADE-3117-418A-96EB-6B8FBCD6B951}.Release|Any CPU.ActiveCfg = Release|Any CPU
		{43520ADE-3117-418A-96EB-6B8FBCD6B951}.Release|Any CPU.Build.0 = Release|Any CPU
		{43520ADE-3117-418A-96EB-6B8FBCD6B951}.Release|Any CPU.Deploy.0 = Release|Any CPU
		{43520ADE-3117-418A-96EB-6B8FBCD6B951}.Release|ARM.ActiveCfg = Release|Any CPU
		{43520ADE-3117-418A-96EB-6B8FBCD6B951}.Release|ARM.Build.0 = Release|Any CPU
		{43520ADE-3117-418A-96EB-6B8FBCD6B951}.Release|ARM.Deploy.0 = Release|Any CPU
		{43520ADE-3117-418A-96EB-6B8FBCD6B951}.Release|iPhone.ActiveCfg = Release|Any CPU
		{43520ADE-3117-418A-96EB-6B8FBCD6B951}.Release|iPhone.Build.0 = Release|Any CPU
		{43520ADE-3117-418A-96EB-6B8FBCD6B951}.Release|iPhone.Deploy.0 = Release|Any CPU
		{43520ADE-3117-418A-96EB-6B8FBCD6B951}.Release|iPhoneSimulator.ActiveCfg = Release|Any CPU
		{43520ADE-3117-418A-96EB-6B8FBCD6B951}.Release|iPhoneSimulator.Build.0 = Release|Any CPU
		{43520ADE-3117-418A-96EB-6B8FBCD6B951}.Release|iPhoneSimulator.Deploy.0 = Release|Any CPU
		{43520ADE-3117-418A-96EB-6B8FBCD6B951}.Release|x64.ActiveCfg = Release|Any CPU
		{43520ADE-3117-418A-96EB-6B8FBCD6B951}.Release|x64.Build.0 = Release|Any CPU
		{43520ADE-3117-418A-96EB-6B8FBCD6B951}.Release|x64.Deploy.0 = Release|Any CPU
		{43520ADE-3117-418A-96EB-6B8FBCD6B951}.Release|x86.ActiveCfg = Release|Any CPU
		{43520ADE-3117-418A-96EB-6B8FBCD6B951}.Release|x86.Build.0 = Release|Any CPU
		{43520ADE-3117-418A-96EB-6B8FBCD6B951}.Release|x86.Deploy.0 = Release|Any CPU
		{35942DC6-27D2-479F-9403-FD59D1DA8103}.Debug|Any CPU.ActiveCfg = Debug|iPhone
		{35942DC6-27D2-479F-9403-FD59D1DA8103}.Debug|Any CPU.Build.0 = Debug|iPhone
		{35942DC6-27D2-479F-9403-FD59D1DA8103}.Debug|Any CPU.Deploy.0 = Debug|iPhone
		{35942DC6-27D2-479F-9403-FD59D1DA8103}.Debug|ARM.ActiveCfg = Debug|iPhoneSimulator
		{35942DC6-27D2-479F-9403-FD59D1DA8103}.Debug|ARM.Build.0 = Debug|iPhoneSimulator
		{35942DC6-27D2-479F-9403-FD59D1DA8103}.Debug|ARM.Deploy.0 = Debug|iPhoneSimulator
		{35942DC6-27D2-479F-9403-FD59D1DA8103}.Debug|iPhone.ActiveCfg = Debug|iPhone
		{35942DC6-27D2-479F-9403-FD59D1DA8103}.Debug|iPhone.Build.0 = Debug|iPhone
		{35942DC6-27D2-479F-9403-FD59D1DA8103}.Debug|iPhone.Deploy.0 = Debug|iPhone
		{35942DC6-27D2-479F-9403-FD59D1DA8103}.Debug|iPhoneSimulator.ActiveCfg = Debug|iPhoneSimulator
		{35942DC6-27D2-479F-9403-FD59D1DA8103}.Debug|iPhoneSimulator.Build.0 = Debug|iPhoneSimulator
		{35942DC6-27D2-479F-9403-FD59D1DA8103}.Debug|iPhoneSimulator.Deploy.0 = Debug|iPhoneSimulator
		{35942DC6-27D2-479F-9403-FD59D1DA8103}.Debug|x64.ActiveCfg = Debug|iPhone
		{35942DC6-27D2-479F-9403-FD59D1DA8103}.Debug|x64.Build.0 = Debug|iPhone
		{35942DC6-27D2-479F-9403-FD59D1DA8103}.Debug|x64.Deploy.0 = Debug|iPhone
		{35942DC6-27D2-479F-9403-FD59D1DA8103}.Debug|x86.ActiveCfg = Debug|iPhone
		{35942DC6-27D2-479F-9403-FD59D1DA8103}.Debug|x86.Build.0 = Debug|iPhone
		{35942DC6-27D2-479F-9403-FD59D1DA8103}.Debug|x86.Deploy.0 = Debug|iPhone
		{35942DC6-27D2-479F-9403-FD59D1DA8103}.Release|Any CPU.ActiveCfg = Release|iPhone
		{35942DC6-27D2-479F-9403-FD59D1DA8103}.Release|Any CPU.Build.0 = Release|iPhone
		{35942DC6-27D2-479F-9403-FD59D1DA8103}.Release|Any CPU.Deploy.0 = Release|iPhone
		{35942DC6-27D2-479F-9403-FD59D1DA8103}.Release|ARM.ActiveCfg = Release|iPhone
		{35942DC6-27D2-479F-9403-FD59D1DA8103}.Release|ARM.Build.0 = Release|iPhone
		{35942DC6-27D2-479F-9403-FD59D1DA8103}.Release|ARM.Deploy.0 = Release|iPhone
		{35942DC6-27D2-479F-9403-FD59D1DA8103}.Release|iPhone.ActiveCfg = Release|iPhone
		{35942DC6-27D2-479F-9403-FD59D1DA8103}.Release|iPhone.Build.0 = Release|iPhone
		{35942DC6-27D2-479F-9403-FD59D1DA8103}.Release|iPhone.Deploy.0 = Release|iPhone
		{35942DC6-27D2-479F-9403-FD59D1DA8103}.Release|iPhoneSimulator.ActiveCfg = Release|iPhoneSimulator
		{35942DC6-27D2-479F-9403-FD59D1DA8103}.Release|iPhoneSimulator.Build.0 = Release|iPhoneSimulator
		{35942DC6-27D2-479F-9403-FD59D1DA8103}.Release|iPhoneSimulator.Deploy.0 = Release|iPhoneSimulator
		{35942DC6-27D2-479F-9403-FD59D1DA8103}.Release|x64.ActiveCfg = Release|iPhone
		{35942DC6-27D2-479F-9403-FD59D1DA8103}.Release|x64.Build.0 = Release|iPhone
		{35942DC6-27D2-479F-9403-FD59D1DA8103}.Release|x64.Deploy.0 = Release|iPhone
		{35942DC6-27D2-479F-9403-FD59D1DA8103}.Release|x86.ActiveCfg = Release|iPhone
		{35942DC6-27D2-479F-9403-FD59D1DA8103}.Release|x86.Build.0 = Release|iPhone
		{35942DC6-27D2-479F-9403-FD59D1DA8103}.Release|x86.Deploy.0 = Release|iPhone
		{E5C2E845-A81A-4C7D-AE5B-F88EDB98126F}.Debug|Any CPU.ActiveCfg = Debug|Any CPU
		{E5C2E845-A81A-4C7D-AE5B-F88EDB98126F}.Debug|Any CPU.Build.0 = Debug|Any CPU
		{E5C2E845-A81A-4C7D-AE5B-F88EDB98126F}.Debug|Any CPU.Deploy.0 = Debug|Any CPU
		{E5C2E845-A81A-4C7D-AE5B-F88EDB98126F}.Debug|ARM.ActiveCfg = Debug|Any CPU
		{E5C2E845-A81A-4C7D-AE5B-F88EDB98126F}.Debug|ARM.Build.0 = Debug|Any CPU
		{E5C2E845-A81A-4C7D-AE5B-F88EDB98126F}.Debug|ARM.Deploy.0 = Debug|Any CPU
		{E5C2E845-A81A-4C7D-AE5B-F88EDB98126F}.Debug|iPhone.ActiveCfg = Debug|Any CPU
		{E5C2E845-A81A-4C7D-AE5B-F88EDB98126F}.Debug|iPhone.Build.0 = Debug|Any CPU
		{E5C2E845-A81A-4C7D-AE5B-F88EDB98126F}.Debug|iPhone.Deploy.0 = Debug|Any CPU
		{E5C2E845-A81A-4C7D-AE5B-F88EDB98126F}.Debug|iPhoneSimulator.ActiveCfg = Debug|Any CPU
		{E5C2E845-A81A-4C7D-AE5B-F88EDB98126F}.Debug|iPhoneSimulator.Build.0 = Debug|Any CPU
		{E5C2E845-A81A-4C7D-AE5B-F88EDB98126F}.Debug|iPhoneSimulator.Deploy.0 = Debug|Any CPU
		{E5C2E845-A81A-4C7D-AE5B-F88EDB98126F}.Debug|x64.ActiveCfg = Debug|Any CPU
		{E5C2E845-A81A-4C7D-AE5B-F88EDB98126F}.Debug|x64.Build.0 = Debug|Any CPU
		{E5C2E845-A81A-4C7D-AE5B-F88EDB98126F}.Debug|x64.Deploy.0 = Debug|Any CPU
		{E5C2E845-A81A-4C7D-AE5B-F88EDB98126F}.Debug|x86.ActiveCfg = Debug|Any CPU
		{E5C2E845-A81A-4C7D-AE5B-F88EDB98126F}.Debug|x86.Build.0 = Debug|Any CPU
		{E5C2E845-A81A-4C7D-AE5B-F88EDB98126F}.Debug|x86.Deploy.0 = Debug|Any CPU
		{E5C2E845-A81A-4C7D-AE5B-F88EDB98126F}.Release|Any CPU.ActiveCfg = Release|Any CPU
		{E5C2E845-A81A-4C7D-AE5B-F88EDB98126F}.Release|Any CPU.Build.0 = Release|Any CPU
		{E5C2E845-A81A-4C7D-AE5B-F88EDB98126F}.Release|Any CPU.Deploy.0 = Release|Any CPU
		{E5C2E845-A81A-4C7D-AE5B-F88EDB98126F}.Release|ARM.ActiveCfg = Release|Any CPU
		{E5C2E845-A81A-4C7D-AE5B-F88EDB98126F}.Release|ARM.Build.0 = Release|Any CPU
		{E5C2E845-A81A-4C7D-AE5B-F88EDB98126F}.Release|ARM.Deploy.0 = Release|Any CPU
		{E5C2E845-A81A-4C7D-AE5B-F88EDB98126F}.Release|iPhone.ActiveCfg = Release|Any CPU
		{E5C2E845-A81A-4C7D-AE5B-F88EDB98126F}.Release|iPhone.Build.0 = Release|Any CPU
		{E5C2E845-A81A-4C7D-AE5B-F88EDB98126F}.Release|iPhone.Deploy.0 = Release|Any CPU
		{E5C2E845-A81A-4C7D-AE5B-F88EDB98126F}.Release|iPhoneSimulator.ActiveCfg = Release|Any CPU
		{E5C2E845-A81A-4C7D-AE5B-F88EDB98126F}.Release|iPhoneSimulator.Build.0 = Release|Any CPU
		{E5C2E845-A81A-4C7D-AE5B-F88EDB98126F}.Release|iPhoneSimulator.Deploy.0 = Release|Any CPU
		{E5C2E845-A81A-4C7D-AE5B-F88EDB98126F}.Release|x64.ActiveCfg = Release|Any CPU
		{E5C2E845-A81A-4C7D-AE5B-F88EDB98126F}.Release|x64.Build.0 = Release|Any CPU
		{E5C2E845-A81A-4C7D-AE5B-F88EDB98126F}.Release|x64.Deploy.0 = Release|Any CPU
		{E5C2E845-A81A-4C7D-AE5B-F88EDB98126F}.Release|x86.ActiveCfg = Release|Any CPU
		{E5C2E845-A81A-4C7D-AE5B-F88EDB98126F}.Release|x86.Build.0 = Release|Any CPU
		{E5C2E845-A81A-4C7D-AE5B-F88EDB98126F}.Release|x86.Deploy.0 = Release|Any CPU
	EndGlobalSection
	GlobalSection(SolutionProperties) = preSolution
		HideSolutionNode = FALSE
	EndGlobalSection
	GlobalSection(ExtensibilityGlobals) = postSolution
		SolutionGuid = {CB4467C0-59D3-461C-B849-1635865D9FF9}
	EndGlobalSection
EndGlobal
